// !$*UTF8*$!
{
	archiveVersion = 1;
	classes = {
	};
	objectVersion = 50;
	objects = {

/* Begin PBXBuildFile section */
		00CFFCE4236961DA00D08341 /* AppDelegate.swift in Sources */ = {isa = PBXBuildFile; fileRef = 00CFFCE3236961DA00D08341 /* AppDelegate.swift */; };
		00CFFCE6236961DA00D08341 /* ViewController.swift in Sources */ = {isa = PBXBuildFile; fileRef = 00CFFCE5236961DA00D08341 /* ViewController.swift */; };
		00CFFCEB236961DC00D08341 /* Assets.xcassets in Resources */ = {isa = PBXBuildFile; fileRef = 00CFFCEA236961DC00D08341 /* Assets.xcassets */; };
		00CFFCF6236977FB00D08341 /* StageView.swift in Sources */ = {isa = PBXBuildFile; fileRef = 00CFFCF5236977FB00D08341 /* StageView.swift */; };
		00CFFCF823697B5400D08341 /* TaskItemCollectionViewCell.swift in Sources */ = {isa = PBXBuildFile; fileRef = 00CFFCF723697B5300D08341 /* TaskItemCollectionViewCell.swift */; };
		00CFFCFA2369808C00D08341 /* TaskItemsDataSource.swift in Sources */ = {isa = PBXBuildFile; fileRef = 00CFFCF92369808C00D08341 /* TaskItemsDataSource.swift */; };
		00F2277F236C02C3004E5E56 /* ExchangeItemHelper.swift in Sources */ = {isa = PBXBuildFile; fileRef = 00F2277E236C02C3004E5E56 /* ExchangeItemHelper.swift */; };
/* End PBXBuildFile section */

/* Begin PBXFileReference section */
		00CFFCE0236961DA00D08341 /* HomeWorkDashBoard.app */ = {isa = PBXFileReference; explicitFileType = wrapper.application; includeInIndex = 0; path = HomeWorkDashBoard.app; sourceTree = BUILT_PRODUCTS_DIR; };
		00CFFCE3236961DA00D08341 /* AppDelegate.swift */ = {isa = PBXFileReference; lastKnownFileType = sourcecode.swift; path = AppDelegate.swift; sourceTree = "<group>"; };
		00CFFCE5236961DA00D08341 /* ViewController.swift */ = {isa = PBXFileReference; lastKnownFileType = sourcecode.swift; path = ViewController.swift; sourceTree = "<group>"; };
		00CFFCEA236961DC00D08341 /* Assets.xcassets */ = {isa = PBXFileReference; lastKnownFileType = folder.assetcatalog; path = Assets.xcassets; sourceTree = "<group>"; };
		00CFFCEF236961DC00D08341 /* Info.plist */ = {isa = PBXFileReference; lastKnownFileType = text.plist.xml; path = Info.plist; sourceTree = "<group>"; };
		00CFFCF5236977FB00D08341 /* StageView.swift */ = {isa = PBXFileReference; lastKnownFileType = sourcecode.swift; path = StageView.swift; sourceTree = "<group>"; };
		00CFFCF723697B5300D08341 /* TaskItemCollectionViewCell.swift */ = {isa = PBXFileReference; lastKnownFileType = sourcecode.swift; path = TaskItemCollectionViewCell.swift; sourceTree = "<group>"; };
		00CFFCF92369808C00D08341 /* TaskItemsDataSource.swift */ = {isa = PBXFileReference; lastKnownFileType = sourcecode.swift; path = TaskItemsDataSource.swift; sourceTree = "<group>"; };
		00F2277E236C02C3004E5E56 /* ExchangeItemHelper.swift */ = {isa = PBXFileReference; lastKnownFileType = sourcecode.swift; path = ExchangeItemHelper.swift; sourceTree = "<group>"; };
/* End PBXFileReference section */

/* Begin PBXFrameworksBuildPhase section */
		00CFFCDD236961DA00D08341 /* Frameworks */ = {
			isa = PBXFrameworksBuildPhase;
			buildActionMask = 2147483647;
			files = (
			);
			runOnlyForDeploymentPostprocessing = 0;
		};
/* End PBXFrameworksBuildPhase section */

/* Begin PBXGroup section */
		00CFFCD7236961DA00D08341 = {
			isa = PBXGroup;
			children = (
				00CFFCE2236961DA00D08341 /* HomeWorkDashBoard */,
				00CFFCE1236961DA00D08341 /* Products */,
			);
			sourceTree = "<group>";
		};
		00CFFCE1236961DA00D08341 /* Products */ = {
			isa = PBXGroup;
			children = (
				00CFFCE0236961DA00D08341 /* HomeWorkDashBoard.app */,
			);
			name = Products;
			sourceTree = "<group>";
		};
		00CFFCE2236961DA00D08341 /* HomeWorkDashBoard */ = {
			isa = PBXGroup;
			children = (
				00CFFCE3236961DA00D08341 /* AppDelegate.swift */,
				00CFFCF92369808C00D08341 /* TaskItemsDataSource.swift */,
				00CFFCE5236961DA00D08341 /* ViewController.swift */,
				00CFFCF5236977FB00D08341 /* StageView.swift */,
				00F2277E236C02C3004E5E56 /* ExchangeItemHelper.swift */,
				00CFFCF723697B5300D08341 /* TaskItemCollectionViewCell.swift */,
				00CFFCEA236961DC00D08341 /* Assets.xcassets */,
				00CFFCEF236961DC00D08341 /* Info.plist */,
			);
			path = HomeWorkDashBoard;
			sourceTree = "<group>";
		};
/* End PBXGroup section */

/* Begin PBXNativeTarget section */
		00CFFCDF236961DA00D08341 /* HomeWorkDashBoard */ = {
			isa = PBXNativeTarget;
			buildConfigurationList = 00CFFCF2236961DC00D08341 /* Build configuration list for PBXNativeTarget "HomeWorkDashBoard" */;
			buildPhases = (
				00CFFCDC236961DA00D08341 /* Sources */,
				00CFFCDD236961DA00D08341 /* Frameworks */,
				00CFFCDE236961DA00D08341 /* Resources */,
			);
			buildRules = (
			);
			dependencies = (
			);
			name = HomeWorkDashBoard;
			productName = HomeWorkDashBoard;
			productReference = 00CFFCE0236961DA00D08341 /* HomeWorkDashBoard.app */;
			productType = "com.apple.product-type.application";
		};
/* End PBXNativeTarget section */

/* Begin PBXProject section */
		00CFFCD8236961DA00D08341 /* Project object */ = {
			isa = PBXProject;
			attributes = {
				LastSwiftUpdateCheck = 1030;
				LastUpgradeCheck = 1030;
				ORGANIZATIONNAME = "Михаил Асмаковец";
				TargetAttributes = {
					00CFFCDF236961DA00D08341 = {
						CreatedOnToolsVersion = 10.3;
					};
				};
			};
			buildConfigurationList = 00CFFCDB236961DA00D08341 /* Build configuration list for PBXProject "HomeWorkDashBoard" */;
			compatibilityVersion = "Xcode 9.3";
			developmentRegion = en;
			hasScannedForEncodings = 0;
			knownRegions = (
				en,
				Base,
			);
			mainGroup = 00CFFCD7236961DA00D08341;
			productRefGroup = 00CFFCE1236961DA00D08341 /* Products */;
			projectDirPath = "";
			projectRoot = "";
			targets = (
				00CFFCDF236961DA00D08341 /* HomeWorkDashBoard */,
			);
		};
/* End PBXProject section */

/* Begin PBXResourcesBuildPhase section */
		00CFFCDE236961DA00D08341 /* Resources */ = {
			isa = PBXResourcesBuildPhase;
			buildActionMask = 2147483647;
			files = (
				00CFFCEB236961DC00D08341 /* Assets.xcassets in Resources */,
			);
			runOnlyForDeploymentPostprocessing = 0;
		};
/* End PBXResourcesBuildPhase section */

/* Begin PBXSourcesBuildPhase section */
		00CFFCDC236961DA00D08341 /* Sources */ = {
			isa = PBXSourcesBuildPhase;
			buildActionMask = 2147483647;
			files = (
				00CFFCF6236977FB00D08341 /* StageView.swift in Sources */,
				00CFFCE6236961DA00D08341 /* ViewController.swift in Sources */,
				00CFFCE4236961DA00D08341 /* AppDelegate.swift in Sources */,
				00F2277F236C02C3004E5E56 /* ExchangeItemHelper.swift in Sources */,
				00CFFCF823697B5400D08341 /* TaskItemCollectionViewCell.swift in Sources */,
				00CFFCFA2369808C00D08341 /* TaskItemsDataSource.swift in Sources */,
			);
			runOnlyForDeploymentPostprocessing = 0;
		};
/* End PBXSourcesBuildPhase section */

/* Begin XCBuildConfiguration section */
		00CFFCF0236961DC00D08341 /* Debug */ = {
			isa = XCBuildConfiguration;
			buildSettings = {
				ALWAYS_SEARCH_USER_PATHS = NO;
				CLANG_ANALYZER_NONNULL = YES;
				CLANG_ANALYZER_NUMBER_OBJECT_CONVERSION = YES_AGGRESSIVE;
				CLANG_CXX_LANGUAGE_STANDARD = "gnu++14";
				CLANG_CXX_LIBRARY = "libc++";
				CLANG_ENABLE_MODULES = YES;
				CLANG_ENABLE_OBJC_ARC = YES;
				CLANG_ENABLE_OBJC_WEAK = YES;
				CLANG_WARN_BLOCK_CAPTURE_AUTORELEASING = YES;
				CLANG_WARN_BOOL_CONVERSION = YES;
				CLANG_WARN_COMMA = YES;
				CLANG_WARN_CONSTANT_CONVERSION = YES;
				CLANG_WARN_DEPRECATED_OBJC_IMPLEMENTATIONS = YES;
				CLANG_WARN_DIRECT_OBJC_ISA_USAGE = YES_ERROR;
				CLANG_WARN_DOCUMENTATION_COMMENTS = YES;
				CLANG_WARN_EMPTY_BODY = YES;
				CLANG_WARN_ENUM_CONVERSION = YES;
				CLANG_WARN_INFINITE_RECURSION = YES;
				CLANG_WARN_INT_CONVERSION = YES;
				CLANG_WARN_NON_LITERAL_NULL_CONVERSION = YES;
				CLANG_WARN_OBJC_IMPLICIT_RETAIN_SELF = YES;
				CLANG_WARN_OBJC_LITERAL_CONVERSION = YES;
				CLANG_WARN_OBJC_ROOT_CLASS = YES_ERROR;
				CLANG_WARN_RANGE_LOOP_ANALYSIS = YES;
				CLANG_WARN_STRICT_PROTOTYPES = YES;
				CLANG_WARN_SUSPICIOUS_MOVE = YES;
				CLANG_WARN_UNGUARDED_AVAILABILITY = YES_AGGRESSIVE;
				CLANG_WARN_UNREACHABLE_CODE = YES;
				CLANG_WARN__DUPLICATE_METHOD_MATCH = YES;
				CODE_SIGN_IDENTITY = "iPhone Developer";
				COPY_PHASE_STRIP = NO;
				DEBUG_INFORMATION_FORMAT = dwarf;
				ENABLE_STRICT_OBJC_MSGSEND = YES;
				ENABLE_TESTABILITY = YES;
				GCC_C_LANGUAGE_STANDARD = gnu11;
				GCC_DYNAMIC_NO_PIC = NO;
				GCC_NO_COMMON_BLOCKS = YES;
				GCC_OPTIMIZATION_LEVEL = 0;
				GCC_PREPROCESSOR_DEFINITIONS = (
					"DEBUG=1",
					"$(inherited)",
				);
				GCC_WARN_64_TO_32_BIT_CONVERSION = YES;
				GCC_WARN_ABOUT_RETURN_TYPE = YES_ERROR;
				GCC_WARN_UNDECLARED_SELECTOR = YES;
				GCC_WARN_UNINITIALIZED_AUTOS = YES_AGGRESSIVE;
				GCC_WARN_UNUSED_FUNCTION = YES;
				GCC_WARN_UNUSED_VARIABLE = YES;
				IPHONEOS_DEPLOYMENT_TARGET = 12.4;
				MTL_ENABLE_DEBUG_INFO = INCLUDE_SOURCE;
				MTL_FAST_MATH = YES;
				ONLY_ACTIVE_ARCH = YES;
				SDKROOT = iphoneos;
				SWIFT_ACTIVE_COMPILATION_CONDITIONS = DEBUG;
				SWIFT_OPTIMIZATION_LEVEL = "-Onone";
			};
			name = Debug;
		};
		00CFFCF1236961DC00D08341 /* Release */ = {
			isa = XCBuildConfiguration;
			buildSettings = {
				ALWAYS_SEARCH_USER_PATHS = NO;
				CLANG_ANALYZER_NONNULL = YES;
				CLANG_ANALYZER_NUMBER_OBJECT_CONVERSION = YES_AGGRESSIVE;
				CLANG_CXX_LANGUAGE_STANDARD = "gnu++14";
				CLANG_CXX_LIBRARY = "libc++";
				CLANG_ENABLE_MODULES = YES;
				CLANG_ENABLE_OBJC_ARC = YES;
				CLANG_ENABLE_OBJC_WEAK = YES;
				CLANG_WARN_BLOCK_CAPTURE_AUTORELEASING = YES;
				CLANG_WARN_BOOL_CONVERSION = YES;
				CLANG_WARN_COMMA = YES;
				CLANG_WARN_CONSTANT_CONVERSION = YES;
				CLANG_WARN_DEPRECATED_OBJC_IMPLEMENTATIONS = YES;
				CLANG_WARN_DIRECT_OBJC_ISA_USAGE = YES_ERROR;
				CLANG_WARN_DOCUMENTATION_COMMENTS = YES;
				CLANG_WARN_EMPTY_BODY = YES;
				CLANG_WARN_ENUM_CONVERSION = YES;
				CLANG_WARN_INFINITE_RECURSION = YES;
				CLANG_WARN_INT_CONVERSION = YES;
				CLANG_WARN_NON_LITERAL_NULL_CONVERSION = YES;
				CLANG_WARN_OBJC_IMPLICIT_RETAIN_SELF = YES;
				CLANG_WARN_OBJC_LITERAL_CONVERSION = YES;
				CLANG_WARN_OBJC_ROOT_CLASS = YES_ERROR;
				CLANG_WARN_RANGE_LOOP_ANALYSIS = YES;
				CLANG_WARN_STRICT_PROTOTYPES = YES;
				CLANG_WARN_SUSPICIOUS_MOVE = YES;
				CLANG_WARN_UNGUARDED_AVAILABILITY = YES_AGGRESSIVE;
				CLANG_WARN_UNREACHABLE_CODE = YES;
				CLANG_WARN__DUPLICATE_METHOD_MATCH = YES;
				CODE_SIGN_IDENTITY = "iPhone Developer";
				COPY_PHASE_STRIP = NO;
				DEBUG_INFORMATION_FORMAT = "dwarf-with-dsym";
				ENABLE_NS_ASSERTIONS = NO;
				ENABLE_STRICT_OBJC_MSGSEND = YES;
				GCC_C_LANGUAGE_STANDARD = gnu11;
				GCC_NO_COMMON_BLOCKS = YES;
				GCC_WARN_64_TO_32_BIT_CONVERSION = YES;
				GCC_WARN_ABOUT_RETURN_TYPE = YES_ERROR;
				GCC_WARN_UNDECLARED_SELECTOR = YES;
				GCC_WARN_UNINITIALIZED_AUTOS = YES_AGGRESSIVE;
				GCC_WARN_UNUSED_FUNCTION = YES;
				GCC_WARN_UNUSED_VARIABLE = YES;
				IPHONEOS_DEPLOYMENT_TARGET = 12.4;
				MTL_ENABLE_DEBUG_INFO = NO;
				MTL_FAST_MATH = YES;
				SDKROOT = iphoneos;
				SWIFT_COMPILATION_MODE = wholemodule;
				SWIFT_OPTIMIZATION_LEVEL = "-O";
				VALIDATE_PRODUCT = YES;
			};
			name = Release;
		};
		00CFFCF3236961DC00D08341 /* Debug */ = {
			isa = XCBuildConfiguration;
			buildSettings = {
				ASSETCATALOG_COMPILER_APPICON_NAME = AppIcon;
				CODE_SIGN_STYLE = Automatic;
				DEVELOPMENT_TEAM = 26LWM2HSCG;
				INFOPLIST_FILE = HomeWorkDashBoard/Info.plist;
				LD_RUNPATH_SEARCH_PATHS = (
					"$(inherited)",
					"@executable_path/Frameworks",
				);
				PRODUCT_BUNDLE_IDENTIFIER = "Home-Office.HomeWorkDashBoard";
				PRODUCT_NAME = "$(TARGET_NAME)";
				SWIFT_VERSION = 5.0;
				TARGETED_DEVICE_FAMILY = "1,2";
			};
			name = Debug;
		};
		00CFFCF4236961DC00D08341 /* Release */ = {
			isa = XCBuildConfiguration;
			buildSettings = {
				ASSETCATALOG_COMPILER_APPICON_NAME = AppIcon;
				CODE_SIGN_STYLE = Automatic;
				DEVELOPMENT_TEAM = 26LWM2HSCG;
				INFOPLIST_FILE = HomeWorkDashBoard/Info.plist;
				LD_RUNPATH_SEARCH_PATHS = (
					"$(inherited)",
					"@executable_path/Frameworks",
				);
				PRODUCT_BUNDLE_IDENTIFIER = "Home-Office.HomeWorkDashBoard";
				PRODUCT_NAME = "$(TARGET_NAME)";
				SWIFT_VERSION = 5.0;
				TARGETED_DEVICE_FAMILY = "1,2";
			};
			name = Release;
		};
/* End XCBuildConfiguration section */

/* Begin XCConfigurationList section */
		00CFFCDB236961DA00D08341 /* Build configuration list for PBXProject "HomeWorkDashBoard" */ = {
			isa = XCConfigurationList;
			buildConfigurations = (
				00CFFCF0236961DC00D08341 /* Debug */,
				00CFFCF1236961DC00D08341 /* Release */,
			);
			defaultConfigurationIsVisible = 0;
			defaultConfigurationName = Release;
		};
		00CFFCF2236961DC00D08341 /* Build configuration list for PBXNativeTarget "HomeWorkDashBoard" */ = {
			isa = XCConfigurationList;
			buildConfigurations = (
				00CFFCF3236961DC00D08341 /* Debug */,
				00CFFCF4236961DC00D08341 /* Release */,
			);
			defaultConfigurationIsVisible = 0;
			defaultConfigurationName = Release;
		};
/* End XCConfigurationList section */
	};
	rootObject = 00CFFCD8236961DA00D08341 /* Project object */;
}
