// !$*UTF8*$!
{
	archiveVersion = 1;
	classes = {
	};
	objectVersion = 50;
	objects = {

/* Begin PBXBuildFile section */
		0030EF7E238E44CD00224006 /* AppDelegate.swift in Sources */ = {isa = PBXBuildFile; fileRef = 0030EF7D238E44CD00224006 /* AppDelegate.swift */; };
		0030EF80238E44CD00224006 /* ListViewController.swift in Sources */ = {isa = PBXBuildFile; fileRef = 0030EF7F238E44CD00224006 /* ListViewController.swift */; };
		0030EF85238E44CE00224006 /* Assets.xcassets in Resources */ = {isa = PBXBuildFile; fileRef = 0030EF84238E44CE00224006 /* Assets.xcassets */; };
		0030EFA2238E4BF700224006 /* API.swift in Sources */ = {isa = PBXBuildFile; fileRef = 0030EFA1238E4BF700224006 /* API.swift */; };
		0030EFA4238E4C0900224006 /* SessionFactory.swift in Sources */ = {isa = PBXBuildFile; fileRef = 0030EFA3238E4C0900224006 /* SessionFactory.swift */; };
		0030EFA6238E4DF900224006 /* NetworkService.swift in Sources */ = {isa = PBXBuildFile; fileRef = 0030EFA5238E4DF900224006 /* NetworkService.swift */; };
		0030EFA8238E4E4E00224006 /* ListInteractorTests.swift in Sources */ = {isa = PBXBuildFile; fileRef = 0030EFA7238E4E4E00224006 /* ListInteractorTests.swift */; };
		0030EFAA238E4E6700224006 /* APITests.swift in Sources */ = {isa = PBXBuildFile; fileRef = 0030EFA9238E4E6700224006 /* APITests.swift */; };
		0030EFAC238E4EF600224006 /* DetailsViewController.swift in Sources */ = {isa = PBXBuildFile; fileRef = 0030EFAB238E4EF600224006 /* DetailsViewController.swift */; };
		0030EFAE238E500000224006 /* ListInteractor.swift in Sources */ = {isa = PBXBuildFile; fileRef = 0030EFAD238E500000224006 /* ListInteractor.swift */; };
		0030EFB6238E5AB800224006 /* NetworkServiceStub.swift in Sources */ = {isa = PBXBuildFile; fileRef = 0030EFB5238E5AB800224006 /* NetworkServiceStub.swift */; };
		0030EFB8238E6A4600224006 /* TestMovieList.json in Resources */ = {isa = PBXBuildFile; fileRef = 0030EFB7238E6A4600224006 /* TestMovieList.json */; };
		0030EFBA238E848100224006 /* TestPicture.jpg in Resources */ = {isa = PBXBuildFile; fileRef = 0030EFB9238E848100224006 /* TestPicture.jpg */; };
		003262AA2398CE02003A953D /* MovieDataHolder.swift in Sources */ = {isa = PBXBuildFile; fileRef = 003262A92398CE02003A953D /* MovieDataHolder.swift */; };
		003262AC2398D1C8003A953D /* MovieListViewController.swift in Sources */ = {isa = PBXBuildFile; fileRef = 003262AB2398D1C8003A953D /* MovieListViewController.swift */; };
		006B16242396134D00D388E0 /* MainAssembly.swift in Sources */ = {isa = PBXBuildFile; fileRef = 006B16232396134D00D388E0 /* MainAssembly.swift */; };
		006B16262396137100D388E0 /* MainViewController.swift in Sources */ = {isa = PBXBuildFile; fileRef = 006B16252396137100D388E0 /* MainViewController.swift */; };
		006B16292396264700D388E0 /* TopRatedViewController.swift in Sources */ = {isa = PBXBuildFile; fileRef = 006B16282396264700D388E0 /* TopRatedViewController.swift */; };
		006B162B2396265D00D388E0 /* TopRatedAssembly.swift in Sources */ = {isa = PBXBuildFile; fileRef = 006B162A2396265D00D388E0 /* TopRatedAssembly.swift */; };
		006B162D2396267C00D388E0 /* TopRatedInteractor.swift in Sources */ = {isa = PBXBuildFile; fileRef = 006B162C2396267C00D388E0 /* TopRatedInteractor.swift */; };
		006B162F2396269500D388E0 /* TopRatedPresenter.swift in Sources */ = {isa = PBXBuildFile; fileRef = 006B162E2396269500D388E0 /* TopRatedPresenter.swift */; };
		006B16322396288600D388E0 /* SearchAssembly.swift in Sources */ = {isa = PBXBuildFile; fileRef = 006B16312396288600D388E0 /* SearchAssembly.swift */; };
		006B16342396289400D388E0 /* SearchViewControllert.swift in Sources */ = {isa = PBXBuildFile; fileRef = 006B16332396289400D388E0 /* SearchViewControllert.swift */; };
		006B1636239628AE00D388E0 /* SearchRouter.swift in Sources */ = {isa = PBXBuildFile; fileRef = 006B1635239628AE00D388E0 /* SearchRouter.swift */; };
		006B1638239629D300D388E0 /* MainRouter.swift in Sources */ = {isa = PBXBuildFile; fileRef = 006B1637239629D300D388E0 /* MainRouter.swift */; };
		006B163A23962D3B00D388E0 /* SearchInteractor.swift in Sources */ = {isa = PBXBuildFile; fileRef = 006B163923962D3B00D388E0 /* SearchInteractor.swift */; };
		006B163C23962D7D00D388E0 /* SearchPresenter.swift in Sources */ = {isa = PBXBuildFile; fileRef = 006B163B23962D7D00D388E0 /* SearchPresenter.swift */; };
		006B163E23963EF300D388E0 /* TopRatedRouter.swift in Sources */ = {isa = PBXBuildFile; fileRef = 006B163D23963EF300D388E0 /* TopRatedRouter.swift */; };
		006B16422396860F00D388E0 /* Interactor.swift in Sources */ = {isa = PBXBuildFile; fileRef = 006B16412396860F00D388E0 /* Interactor.swift */; };
		006B65B7238EACDE007BB629 /* ListPresenter.swift in Sources */ = {isa = PBXBuildFile; fileRef = 006B65B6238EACDE007BB629 /* ListPresenter.swift */; };
		006E4193239B713600D151DF /* MovieCoreData.xcdatamodeld in Sources */ = {isa = PBXBuildFile; fileRef = 006E4191239B713600D151DF /* MovieCoreData.xcdatamodeld */; };
		006E4195239B731000D151DF /* CoreDataStack.swift in Sources */ = {isa = PBXBuildFile; fileRef = 006E4194239B731000D151DF /* CoreDataStack.swift */; };
		006E4197239B737F00D151DF /* MOMovieContent.swift in Sources */ = {isa = PBXBuildFile; fileRef = 006E4196239B737F00D151DF /* MOMovieContent.swift */; };
		00AAAF3323973B9500C05039 /* DataModel.swift in Sources */ = {isa = PBXBuildFile; fileRef = 00AAAF3223973B9500C05039 /* DataModel.swift */; };
		00ED1BBB2392741D00644E4D /* DetailsInteractor.swift in Sources */ = {isa = PBXBuildFile; fileRef = 00ED1BBA2392741D00644E4D /* DetailsInteractor.swift */; };
		00ED1BBD2392759100644E4D /* DetailsPresenter.swift in Sources */ = {isa = PBXBuildFile; fileRef = 00ED1BBC2392759100644E4D /* DetailsPresenter.swift */; };
		00EFC3B52395140B000F39DE /* ListRouter.swift in Sources */ = {isa = PBXBuildFile; fileRef = 00EFC3B42395140B000F39DE /* ListRouter.swift */; };
		00EFC3B723951507000F39DE /* DetailsAssembly.swift in Sources */ = {isa = PBXBuildFile; fileRef = 00EFC3B623951507000F39DE /* DetailsAssembly.swift */; };
		00EFC3B923951574000F39DE /* AssemblyProtocol.swift in Sources */ = {isa = PBXBuildFile; fileRef = 00EFC3B823951574000F39DE /* AssemblyProtocol.swift */; };
		00EFC3BD2395175A000F39DE /* DetailsRouter.swift in Sources */ = {isa = PBXBuildFile; fileRef = 00EFC3BC2395175A000F39DE /* DetailsRouter.swift */; };
		00EFC3BF23951D80000F39DE /* ListAssembly.swift in Sources */ = {isa = PBXBuildFile; fileRef = 00EFC3BE23951D80000F39DE /* ListAssembly.swift */; };
		00EFC3C4239543C3000F39DE /* ListAssemblyTest.swift in Sources */ = {isa = PBXBuildFile; fileRef = 00EFC3C3239543C3000F39DE /* ListAssemblyTest.swift */; };
		00EFC3C6239549CE000F39DE /* DetailsAssemblyTest.swift in Sources */ = {isa = PBXBuildFile; fileRef = 00EFC3C5239549CE000F39DE /* DetailsAssemblyTest.swift */; };
		00EFC3C923955C77000F39DE /* FavoritesAssembly.swift in Sources */ = {isa = PBXBuildFile; fileRef = 00EFC3C823955C77000F39DE /* FavoritesAssembly.swift */; };
		00EFC3CB23955C8F000F39DE /* FavoritesViewController.swift in Sources */ = {isa = PBXBuildFile; fileRef = 00EFC3CA23955C8F000F39DE /* FavoritesViewController.swift */; };
		00EFC3CD23955CA6000F39DE /* FavoritesInteractor.swift in Sources */ = {isa = PBXBuildFile; fileRef = 00EFC3CC23955CA6000F39DE /* FavoritesInteractor.swift */; };
		00EFC3CF23955CB4000F39DE /* FavoritesPresenter.swift in Sources */ = {isa = PBXBuildFile; fileRef = 00EFC3CE23955CB4000F39DE /* FavoritesPresenter.swift */; };
		00EFC3D123955CCF000F39DE /* FavoritesRouter.swift in Sources */ = {isa = PBXBuildFile; fileRef = 00EFC3D023955CCF000F39DE /* FavoritesRouter.swift */; };
		00EFC3D423955F00000F39DE /* FavoritesAssemblyTest.swift in Sources */ = {isa = PBXBuildFile; fileRef = 00EFC3D323955F00000F39DE /* FavoritesAssemblyTest.swift */; };
		00EFC3D923956A85000F39DE /* TopRatedCollectionViewCell.swift in Sources */ = {isa = PBXBuildFile; fileRef = 00EFC3D823956A85000F39DE /* TopRatedCollectionViewCell.swift */; };
		00F7371C23913DFB00874356 /* PresenterSpy.swift in Sources */ = {isa = PBXBuildFile; fileRef = 00F7371B23913DFB00874356 /* PresenterSpy.swift */; };
/* End PBXBuildFile section */

/* Begin PBXContainerItemProxy section */
		0030EF8F238E44CE00224006 /* PBXContainerItemProxy */ = {
			isa = PBXContainerItemProxy;
			containerPortal = 0030EF72238E44CD00224006 /* Project object */;
			proxyType = 1;
			remoteGlobalIDString = 0030EF79238E44CD00224006;
			remoteInfo = DiplomMovieDB;
		};
/* End PBXContainerItemProxy section */

/* Begin PBXFileReference section */
		0030EF7A238E44CD00224006 /* DiplomMovieDB.app */ = {isa = PBXFileReference; explicitFileType = wrapper.application; includeInIndex = 0; path = DiplomMovieDB.app; sourceTree = BUILT_PRODUCTS_DIR; };
		0030EF7D238E44CD00224006 /* AppDelegate.swift */ = {isa = PBXFileReference; lastKnownFileType = sourcecode.swift; path = AppDelegate.swift; sourceTree = "<group>"; };
		0030EF7F238E44CD00224006 /* ListViewController.swift */ = {isa = PBXFileReference; lastKnownFileType = sourcecode.swift; path = ListViewController.swift; sourceTree = "<group>"; };
		0030EF84238E44CE00224006 /* Assets.xcassets */ = {isa = PBXFileReference; lastKnownFileType = folder.assetcatalog; path = Assets.xcassets; sourceTree = "<group>"; };
		0030EF89238E44CE00224006 /* Info.plist */ = {isa = PBXFileReference; lastKnownFileType = text.plist.xml; path = Info.plist; sourceTree = "<group>"; };
		0030EF8E238E44CE00224006 /* DiplomMovieDBTests.xctest */ = {isa = PBXFileReference; explicitFileType = wrapper.cfbundle; includeInIndex = 0; path = DiplomMovieDBTests.xctest; sourceTree = BUILT_PRODUCTS_DIR; };
		0030EF94238E44CE00224006 /* Info.plist */ = {isa = PBXFileReference; lastKnownFileType = text.plist.xml; path = Info.plist; sourceTree = "<group>"; };
		0030EFA1238E4BF700224006 /* API.swift */ = {isa = PBXFileReference; lastKnownFileType = sourcecode.swift; path = API.swift; sourceTree = "<group>"; };
		0030EFA3238E4C0900224006 /* SessionFactory.swift */ = {isa = PBXFileReference; lastKnownFileType = sourcecode.swift; path = SessionFactory.swift; sourceTree = "<group>"; };
		0030EFA5238E4DF900224006 /* NetworkService.swift */ = {isa = PBXFileReference; lastKnownFileType = sourcecode.swift; path = NetworkService.swift; sourceTree = "<group>"; };
		0030EFA7238E4E4E00224006 /* ListInteractorTests.swift */ = {isa = PBXFileReference; lastKnownFileType = sourcecode.swift; path = ListInteractorTests.swift; sourceTree = "<group>"; };
		0030EFA9238E4E6700224006 /* APITests.swift */ = {isa = PBXFileReference; lastKnownFileType = sourcecode.swift; path = APITests.swift; sourceTree = "<group>"; };
		0030EFAB238E4EF600224006 /* DetailsViewController.swift */ = {isa = PBXFileReference; lastKnownFileType = sourcecode.swift; path = DetailsViewController.swift; sourceTree = "<group>"; };
		0030EFAD238E500000224006 /* ListInteractor.swift */ = {isa = PBXFileReference; lastKnownFileType = sourcecode.swift; path = ListInteractor.swift; sourceTree = "<group>"; };
		0030EFB5238E5AB800224006 /* NetworkServiceStub.swift */ = {isa = PBXFileReference; lastKnownFileType = sourcecode.swift; path = NetworkServiceStub.swift; sourceTree = "<group>"; };
		0030EFB7238E6A4600224006 /* TestMovieList.json */ = {isa = PBXFileReference; explicitFileType = text.json; fileEncoding = 4; path = TestMovieList.json; sourceTree = "<group>"; };
		0030EFB9238E848100224006 /* TestPicture.jpg */ = {isa = PBXFileReference; lastKnownFileType = image.jpeg; path = TestPicture.jpg; sourceTree = "<group>"; };
		003262A92398CE02003A953D /* MovieDataHolder.swift */ = {isa = PBXFileReference; lastKnownFileType = sourcecode.swift; path = MovieDataHolder.swift; sourceTree = "<group>"; };
		003262AB2398D1C8003A953D /* MovieListViewController.swift */ = {isa = PBXFileReference; lastKnownFileType = sourcecode.swift; path = MovieListViewController.swift; sourceTree = "<group>"; };
		006B16232396134D00D388E0 /* MainAssembly.swift */ = {isa = PBXFileReference; lastKnownFileType = sourcecode.swift; path = MainAssembly.swift; sourceTree = "<group>"; };
		006B16252396137100D388E0 /* MainViewController.swift */ = {isa = PBXFileReference; lastKnownFileType = sourcecode.swift; path = MainViewController.swift; sourceTree = "<group>"; };
		006B16282396264700D388E0 /* TopRatedViewController.swift */ = {isa = PBXFileReference; lastKnownFileType = sourcecode.swift; path = TopRatedViewController.swift; sourceTree = "<group>"; };
		006B162A2396265D00D388E0 /* TopRatedAssembly.swift */ = {isa = PBXFileReference; lastKnownFileType = sourcecode.swift; path = TopRatedAssembly.swift; sourceTree = "<group>"; };
		006B162C2396267C00D388E0 /* TopRatedInteractor.swift */ = {isa = PBXFileReference; lastKnownFileType = sourcecode.swift; path = TopRatedInteractor.swift; sourceTree = "<group>"; };
		006B162E2396269500D388E0 /* TopRatedPresenter.swift */ = {isa = PBXFileReference; lastKnownFileType = sourcecode.swift; path = TopRatedPresenter.swift; sourceTree = "<group>"; };
		006B16312396288600D388E0 /* SearchAssembly.swift */ = {isa = PBXFileReference; lastKnownFileType = sourcecode.swift; path = SearchAssembly.swift; sourceTree = "<group>"; };
		006B16332396289400D388E0 /* SearchViewControllert.swift */ = {isa = PBXFileReference; lastKnownFileType = sourcecode.swift; path = SearchViewControllert.swift; sourceTree = "<group>"; };
		006B1635239628AE00D388E0 /* SearchRouter.swift */ = {isa = PBXFileReference; lastKnownFileType = sourcecode.swift; path = SearchRouter.swift; sourceTree = "<group>"; };
		006B1637239629D300D388E0 /* MainRouter.swift */ = {isa = PBXFileReference; lastKnownFileType = sourcecode.swift; path = MainRouter.swift; sourceTree = "<group>"; };
		006B163923962D3B00D388E0 /* SearchInteractor.swift */ = {isa = PBXFileReference; lastKnownFileType = sourcecode.swift; path = SearchInteractor.swift; sourceTree = "<group>"; };
		006B163B23962D7D00D388E0 /* SearchPresenter.swift */ = {isa = PBXFileReference; lastKnownFileType = sourcecode.swift; path = SearchPresenter.swift; sourceTree = "<group>"; };
		006B163D23963EF300D388E0 /* TopRatedRouter.swift */ = {isa = PBXFileReference; lastKnownFileType = sourcecode.swift; path = TopRatedRouter.swift; sourceTree = "<group>"; };
		006B16412396860F00D388E0 /* Interactor.swift */ = {isa = PBXFileReference; lastKnownFileType = sourcecode.swift; path = Interactor.swift; sourceTree = "<group>"; };
		006B65B6238EACDE007BB629 /* ListPresenter.swift */ = {isa = PBXFileReference; lastKnownFileType = sourcecode.swift; path = ListPresenter.swift; sourceTree = "<group>"; };
		006E4192239B713600D151DF /* MovieCoreData.xcdatamodel */ = {isa = PBXFileReference; lastKnownFileType = wrapper.xcdatamodel; path = MovieCoreData.xcdatamodel; sourceTree = "<group>"; };
		006E4194239B731000D151DF /* CoreDataStack.swift */ = {isa = PBXFileReference; lastKnownFileType = sourcecode.swift; path = CoreDataStack.swift; sourceTree = "<group>"; };
		006E4196239B737F00D151DF /* MOMovieContent.swift */ = {isa = PBXFileReference; lastKnownFileType = sourcecode.swift; path = MOMovieContent.swift; sourceTree = "<group>"; };
		00AAAF3223973B9500C05039 /* DataModel.swift */ = {isa = PBXFileReference; lastKnownFileType = sourcecode.swift; path = DataModel.swift; sourceTree = "<group>"; };
		00ED1BBA2392741D00644E4D /* DetailsInteractor.swift */ = {isa = PBXFileReference; lastKnownFileType = sourcecode.swift; path = DetailsInteractor.swift; sourceTree = "<group>"; };
		00ED1BBC2392759100644E4D /* DetailsPresenter.swift */ = {isa = PBXFileReference; lastKnownFileType = sourcecode.swift; path = DetailsPresenter.swift; sourceTree = "<group>"; };
		00EFC3B42395140B000F39DE /* ListRouter.swift */ = {isa = PBXFileReference; lastKnownFileType = sourcecode.swift; path = ListRouter.swift; sourceTree = "<group>"; };
		00EFC3B623951507000F39DE /* DetailsAssembly.swift */ = {isa = PBXFileReference; lastKnownFileType = sourcecode.swift; path = DetailsAssembly.swift; sourceTree = "<group>"; };
		00EFC3B823951574000F39DE /* AssemblyProtocol.swift */ = {isa = PBXFileReference; lastKnownFileType = sourcecode.swift; path = AssemblyProtocol.swift; sourceTree = "<group>"; };
		00EFC3BC2395175A000F39DE /* DetailsRouter.swift */ = {isa = PBXFileReference; lastKnownFileType = sourcecode.swift; path = DetailsRouter.swift; sourceTree = "<group>"; };
		00EFC3BE23951D80000F39DE /* ListAssembly.swift */ = {isa = PBXFileReference; lastKnownFileType = sourcecode.swift; path = ListAssembly.swift; sourceTree = "<group>"; };
		00EFC3C3239543C3000F39DE /* ListAssemblyTest.swift */ = {isa = PBXFileReference; lastKnownFileType = sourcecode.swift; path = ListAssemblyTest.swift; sourceTree = "<group>"; };
		00EFC3C5239549CE000F39DE /* DetailsAssemblyTest.swift */ = {isa = PBXFileReference; lastKnownFileType = sourcecode.swift; path = DetailsAssemblyTest.swift; sourceTree = "<group>"; };
		00EFC3C823955C77000F39DE /* FavoritesAssembly.swift */ = {isa = PBXFileReference; lastKnownFileType = sourcecode.swift; path = FavoritesAssembly.swift; sourceTree = "<group>"; };
		00EFC3CA23955C8F000F39DE /* FavoritesViewController.swift */ = {isa = PBXFileReference; lastKnownFileType = sourcecode.swift; path = FavoritesViewController.swift; sourceTree = "<group>"; };
		00EFC3CC23955CA6000F39DE /* FavoritesInteractor.swift */ = {isa = PBXFileReference; lastKnownFileType = sourcecode.swift; path = FavoritesInteractor.swift; sourceTree = "<group>"; };
		00EFC3CE23955CB4000F39DE /* FavoritesPresenter.swift */ = {isa = PBXFileReference; lastKnownFileType = sourcecode.swift; path = FavoritesPresenter.swift; sourceTree = "<group>"; };
		00EFC3D023955CCF000F39DE /* FavoritesRouter.swift */ = {isa = PBXFileReference; lastKnownFileType = sourcecode.swift; path = FavoritesRouter.swift; sourceTree = "<group>"; };
		00EFC3D323955F00000F39DE /* FavoritesAssemblyTest.swift */ = {isa = PBXFileReference; lastKnownFileType = sourcecode.swift; path = FavoritesAssemblyTest.swift; sourceTree = "<group>"; };
		00EFC3D823956A85000F39DE /* TopRatedCollectionViewCell.swift */ = {isa = PBXFileReference; lastKnownFileType = sourcecode.swift; path = TopRatedCollectionViewCell.swift; sourceTree = "<group>"; };
		00F7371B23913DFB00874356 /* PresenterSpy.swift */ = {isa = PBXFileReference; lastKnownFileType = sourcecode.swift; path = PresenterSpy.swift; sourceTree = "<group>"; };
/* End PBXFileReference section */

/* Begin PBXFrameworksBuildPhase section */
		0030EF77238E44CD00224006 /* Frameworks */ = {
			isa = PBXFrameworksBuildPhase;
			buildActionMask = 2147483647;
			files = (
			);
			runOnlyForDeploymentPostprocessing = 0;
		};
		0030EF8B238E44CE00224006 /* Frameworks */ = {
			isa = PBXFrameworksBuildPhase;
			buildActionMask = 2147483647;
			files = (
			);
			runOnlyForDeploymentPostprocessing = 0;
		};
/* End PBXFrameworksBuildPhase section */

/* Begin PBXGroup section */
		0030EF71238E44CD00224006 = {
			isa = PBXGroup;
			children = (
				0030EF7C238E44CD00224006 /* DiplomMovieDB */,
				0030EF91238E44CE00224006 /* DiplomMovieDBTests */,
				0030EF7B238E44CD00224006 /* Products */,
			);
			sourceTree = "<group>";
		};
		0030EF7B238E44CD00224006 /* Products */ = {
			isa = PBXGroup;
			children = (
				0030EF7A238E44CD00224006 /* DiplomMovieDB.app */,
				0030EF8E238E44CE00224006 /* DiplomMovieDBTests.xctest */,
			);
			name = Products;
			sourceTree = "<group>";
		};
		0030EF7C238E44CD00224006 /* DiplomMovieDB */ = {
			isa = PBXGroup;
			children = (
				0030EF7D238E44CD00224006 /* AppDelegate.swift */,
				008C7DAA238EDE3A00533948 /* Interface */,
				008C7DAB238EDE5600533948 /* Implementation */,
				0030EF9F238E4BBD00224006 /* Module */,
				0030EF9D238E4B9B00224006 /* CoreData */,
				0030EF9E238E4BB100224006 /* Network */,
				0030EFA0238E4BCF00224006 /* Model */,
				008C7DB4238F8BD200533948 /* Assets */,
			);
			path = DiplomMovieDB;
			sourceTree = "<group>";
		};
		0030EF91238E44CE00224006 /* DiplomMovieDBTests */ = {
			isa = PBXGroup;
			children = (
				00EFC3D223955EDD000F39DE /* Favorites */,
				00EFC3C22395437D000F39DE /* Network */,
				00EFC3C123954300000F39DE /* Details */,
				00EFC3C0239542F1000F39DE /* List */,
				00ED1BB92392720500644E4D /* Implementation */,
				0030EFAF238E502D00224006 /* TestData */,
				0030EF94238E44CE00224006 /* Info.plist */,
			);
			path = DiplomMovieDBTests;
			sourceTree = "<group>";
		};
		0030EF9D238E4B9B00224006 /* CoreData */ = {
			isa = PBXGroup;
			children = (
				006E4191239B713600D151DF /* MovieCoreData.xcdatamodeld */,
				006E4194239B731000D151DF /* CoreDataStack.swift */,
				006E4196239B737F00D151DF /* MOMovieContent.swift */,
			);
			name = CoreData;
			sourceTree = "<group>";
		};
		0030EF9E238E4BB100224006 /* Network */ = {
			isa = PBXGroup;
			children = (
				0030EFA1238E4BF700224006 /* API.swift */,
				0030EFA3238E4C0900224006 /* SessionFactory.swift */,
				0030EFA5238E4DF900224006 /* NetworkService.swift */,
			);
			path = Network;
			sourceTree = "<group>";
		};
		0030EF9F238E4BBD00224006 /* Module */ = {
			isa = PBXGroup;
			children = (
				008C7DB9238F930300533948 /* List */,
				006B16272396261000D388E0 /* TopRated */,
				00EFC3C723955B86000F39DE /* Favorites */,
				008C7DBA238F931900533948 /* Details */,
				006B16302396286900D388E0 /* Search */,
				006B16222396132300D388E0 /* Main */,
			);
			name = Module;
			sourceTree = "<group>";
		};
		0030EFA0238E4BCF00224006 /* Model */ = {
			isa = PBXGroup;
			children = (
				00AAAF3223973B9500C05039 /* DataModel.swift */,
			);
			path = Model;
			sourceTree = "<group>";
		};
		0030EFAF238E502D00224006 /* TestData */ = {
			isa = PBXGroup;
			children = (
				0030EFB9238E848100224006 /* TestPicture.jpg */,
				0030EFB7238E6A4600224006 /* TestMovieList.json */,
			);
			name = TestData;
			sourceTree = "<group>";
		};
		006B16222396132300D388E0 /* Main */ = {
			isa = PBXGroup;
			children = (
				006B16232396134D00D388E0 /* MainAssembly.swift */,
				006B16252396137100D388E0 /* MainViewController.swift */,
				006B1637239629D300D388E0 /* MainRouter.swift */,
			);
			name = Main;
			sourceTree = "<group>";
		};
		006B16272396261000D388E0 /* TopRated */ = {
			isa = PBXGroup;
			children = (
				00EFC3D823956A85000F39DE /* TopRatedCollectionViewCell.swift */,
				006B16282396264700D388E0 /* TopRatedViewController.swift */,
				006B162E2396269500D388E0 /* TopRatedPresenter.swift */,
				006B162A2396265D00D388E0 /* TopRatedAssembly.swift */,
				006B162C2396267C00D388E0 /* TopRatedInteractor.swift */,
				006B163D23963EF300D388E0 /* TopRatedRouter.swift */,
			);
			name = TopRated;
			sourceTree = "<group>";
		};
		006B16302396286900D388E0 /* Search */ = {
			isa = PBXGroup;
			children = (
				006B16312396288600D388E0 /* SearchAssembly.swift */,
				006B16332396289400D388E0 /* SearchViewControllert.swift */,
				006B1635239628AE00D388E0 /* SearchRouter.swift */,
				006B163923962D3B00D388E0 /* SearchInteractor.swift */,
				006B163B23962D7D00D388E0 /* SearchPresenter.swift */,
			);
			name = Search;
			sourceTree = "<group>";
		};
		008C7DAA238EDE3A00533948 /* Interface */ = {
			isa = PBXGroup;
			children = (
				00EFC3B823951574000F39DE /* AssemblyProtocol.swift */,
			);
			name = Interface;
			sourceTree = "<group>";
		};
		008C7DAB238EDE5600533948 /* Implementation */ = {
			isa = PBXGroup;
			children = (
				006B16412396860F00D388E0 /* Interactor.swift */,
				003262A92398CE02003A953D /* MovieDataHolder.swift */,
				003262AB2398D1C8003A953D /* MovieListViewController.swift */,
			);
			name = Implementation;
			sourceTree = "<group>";
		};
		008C7DB4238F8BD200533948 /* Assets */ = {
			isa = PBXGroup;
			children = (
				0030EF84238E44CE00224006 /* Assets.xcassets */,
				0030EF89238E44CE00224006 /* Info.plist */,
			);
			name = Assets;
			sourceTree = "<group>";
		};
		008C7DB9238F930300533948 /* List */ = {
			isa = PBXGroup;
			children = (
				0030EF7F238E44CD00224006 /* ListViewController.swift */,
				0030EFAD238E500000224006 /* ListInteractor.swift */,
				006B65B6238EACDE007BB629 /* ListPresenter.swift */,
				00EFC3B42395140B000F39DE /* ListRouter.swift */,
				00EFC3BE23951D80000F39DE /* ListAssembly.swift */,
			);
			name = List;
			sourceTree = "<group>";
		};
		008C7DBA238F931900533948 /* Details */ = {
			isa = PBXGroup;
			children = (
				0030EFAB238E4EF600224006 /* DetailsViewController.swift */,
				00EFC3BC2395175A000F39DE /* DetailsRouter.swift */,
				00ED1BBA2392741D00644E4D /* DetailsInteractor.swift */,
				00ED1BBC2392759100644E4D /* DetailsPresenter.swift */,
				00EFC3B623951507000F39DE /* DetailsAssembly.swift */,
			);
			name = Details;
			sourceTree = "<group>";
		};
		00ED1BB92392720500644E4D /* Implementation */ = {
			isa = PBXGroup;
			children = (
				0030EFB5238E5AB800224006 /* NetworkServiceStub.swift */,
				00F7371B23913DFB00874356 /* PresenterSpy.swift */,
			);
			name = Implementation;
			sourceTree = "<group>";
		};
		00EFC3C0239542F1000F39DE /* List */ = {
			isa = PBXGroup;
			children = (
				0030EFA7238E4E4E00224006 /* ListInteractorTests.swift */,
				00EFC3C3239543C3000F39DE /* ListAssemblyTest.swift */,
			);
			name = List;
			sourceTree = "<group>";
		};
		00EFC3C123954300000F39DE /* Details */ = {
			isa = PBXGroup;
			children = (
				00EFC3C5239549CE000F39DE /* DetailsAssemblyTest.swift */,
			);
			name = Details;
			sourceTree = "<group>";
		};
		00EFC3C22395437D000F39DE /* Network */ = {
			isa = PBXGroup;
			children = (
				0030EFA9238E4E6700224006 /* APITests.swift */,
			);
			name = Network;
			sourceTree = "<group>";
		};
		00EFC3C723955B86000F39DE /* Favorites */ = {
			isa = PBXGroup;
			children = (
				00EFC3C823955C77000F39DE /* FavoritesAssembly.swift */,
				00EFC3CA23955C8F000F39DE /* FavoritesViewController.swift */,
				00EFC3CC23955CA6000F39DE /* FavoritesInteractor.swift */,
				00EFC3CE23955CB4000F39DE /* FavoritesPresenter.swift */,
				00EFC3D023955CCF000F39DE /* FavoritesRouter.swift */,
			);
			name = Favorites;
			sourceTree = "<group>";
		};
		00EFC3D223955EDD000F39DE /* Favorites */ = {
			isa = PBXGroup;
			children = (
				00EFC3D323955F00000F39DE /* FavoritesAssemblyTest.swift */,
			);
			name = Favorites;
			sourceTree = "<group>";
		};
/* End PBXGroup section */

/* Begin PBXNativeTarget section */
		0030EF79238E44CD00224006 /* DiplomMovieDB */ = {
			isa = PBXNativeTarget;
			buildConfigurationList = 0030EF97238E44CE00224006 /* Build configuration list for PBXNativeTarget "DiplomMovieDB" */;
			buildPhases = (
				0030EF76238E44CD00224006 /* Sources */,
				0030EF77238E44CD00224006 /* Frameworks */,
				0030EF78238E44CD00224006 /* Resources */,
				0030EFB4238E578400224006 /* ShellScript */,
			);
			buildRules = (
			);
			dependencies = (
			);
			name = DiplomMovieDB;
			productName = DiplomMovieDB;
			productReference = 0030EF7A238E44CD00224006 /* DiplomMovieDB.app */;
			productType = "com.apple.product-type.application";
		};
		0030EF8D238E44CE00224006 /* DiplomMovieDBTests */ = {
			isa = PBXNativeTarget;
			buildConfigurationList = 0030EF9A238E44CE00224006 /* Build configuration list for PBXNativeTarget "DiplomMovieDBTests" */;
			buildPhases = (
				0030EF8A238E44CE00224006 /* Sources */,
				0030EF8B238E44CE00224006 /* Frameworks */,
				0030EF8C238E44CE00224006 /* Resources */,
			);
			buildRules = (
			);
			dependencies = (
				0030EF90238E44CE00224006 /* PBXTargetDependency */,
			);
			name = DiplomMovieDBTests;
			productName = DiplomMovieDBTests;
			productReference = 0030EF8E238E44CE00224006 /* DiplomMovieDBTests.xctest */;
			productType = "com.apple.product-type.bundle.unit-test";
		};
/* End PBXNativeTarget section */

/* Begin PBXProject section */
		0030EF72238E44CD00224006 /* Project object */ = {
			isa = PBXProject;
			attributes = {
				LastSwiftUpdateCheck = 1030;
				LastUpgradeCheck = 1030;
				ORGANIZATIONNAME = "Михаил Асмаковец";
				TargetAttributes = {
					0030EF79238E44CD00224006 = {
						CreatedOnToolsVersion = 10.3;
					};
					0030EF8D238E44CE00224006 = {
						CreatedOnToolsVersion = 10.3;
						TestTargetID = 0030EF79238E44CD00224006;
					};
				};
			};
			buildConfigurationList = 0030EF75238E44CD00224006 /* Build configuration list for PBXProject "DiplomMovieDB" */;
			compatibilityVersion = "Xcode 9.3";
			developmentRegion = en;
			hasScannedForEncodings = 0;
			knownRegions = (
				en,
				Base,
			);
			mainGroup = 0030EF71238E44CD00224006;
			productRefGroup = 0030EF7B238E44CD00224006 /* Products */;
			projectDirPath = "";
			projectRoot = "";
			targets = (
				0030EF79238E44CD00224006 /* DiplomMovieDB */,
				0030EF8D238E44CE00224006 /* DiplomMovieDBTests */,
			);
		};
/* End PBXProject section */

/* Begin PBXResourcesBuildPhase section */
		0030EF78238E44CD00224006 /* Resources */ = {
			isa = PBXResourcesBuildPhase;
			buildActionMask = 2147483647;
			files = (
				0030EF85238E44CE00224006 /* Assets.xcassets in Resources */,
			);
			runOnlyForDeploymentPostprocessing = 0;
		};
		0030EF8C238E44CE00224006 /* Resources */ = {
			isa = PBXResourcesBuildPhase;
			buildActionMask = 2147483647;
			files = (
				0030EFB8238E6A4600224006 /* TestMovieList.json in Resources */,
				0030EFBA238E848100224006 /* TestPicture.jpg in Resources */,
			);
			runOnlyForDeploymentPostprocessing = 0;
		};
/* End PBXResourcesBuildPhase section */

/* Begin PBXShellScriptBuildPhase section */
		0030EFB4238E578400224006 /* ShellScript */ = {
			isa = PBXShellScriptBuildPhase;
			buildActionMask = 2147483647;
			files = (
			);
			inputFileListPaths = (
			);
			inputPaths = (
			);
			outputFileListPaths = (
			);
			outputPaths = (
			);
			runOnlyForDeploymentPostprocessing = 0;
			shellPath = /bin/sh;
			shellScript = "if which swiftlint >/dev/null; then\nswiftlint\nelse\necho \"warning: SwiftLint not installed, download from https://github.com/realm/SwiftLint\"\nfi\n";
		};
/* End PBXShellScriptBuildPhase section */

/* Begin PBXSourcesBuildPhase section */
		0030EF76238E44CD00224006 /* Sources */ = {
			isa = PBXSourcesBuildPhase;
			buildActionMask = 2147483647;
			files = (
				006B163A23962D3B00D388E0 /* SearchInteractor.swift in Sources */,
				006B65B7238EACDE007BB629 /* ListPresenter.swift in Sources */,
				006B16322396288600D388E0 /* SearchAssembly.swift in Sources */,
				003262AC2398D1C8003A953D /* MovieListViewController.swift in Sources */,
				006B162D2396267C00D388E0 /* TopRatedInteractor.swift in Sources */,
				006B1636239628AE00D388E0 /* SearchRouter.swift in Sources */,
				00EFC3C923955C77000F39DE /* FavoritesAssembly.swift in Sources */,
				00EFC3B52395140B000F39DE /* ListRouter.swift in Sources */,
				006B162B2396265D00D388E0 /* TopRatedAssembly.swift in Sources */,
				00EFC3B723951507000F39DE /* DetailsAssembly.swift in Sources */,
				00EFC3D923956A85000F39DE /* TopRatedCollectionViewCell.swift in Sources */,
				006E4193239B713600D151DF /* MovieCoreData.xcdatamodeld in Sources */,
				006B162F2396269500D388E0 /* TopRatedPresenter.swift in Sources */,
				00EFC3BF23951D80000F39DE /* ListAssembly.swift in Sources */,
				0030EFA6238E4DF900224006 /* NetworkService.swift in Sources */,
				006E4195239B731000D151DF /* CoreDataStack.swift in Sources */,
				0030EF80238E44CD00224006 /* ListViewController.swift in Sources */,
				006B163E23963EF300D388E0 /* TopRatedRouter.swift in Sources */,
				0030EFA2238E4BF700224006 /* API.swift in Sources */,
				006B16242396134D00D388E0 /* MainAssembly.swift in Sources */,
				00EFC3B923951574000F39DE /* AssemblyProtocol.swift in Sources */,
				006B16342396289400D388E0 /* SearchViewControllert.swift in Sources */,
				00EFC3BD2395175A000F39DE /* DetailsRouter.swift in Sources */,
				00EFC3CF23955CB4000F39DE /* FavoritesPresenter.swift in Sources */,
				006B1638239629D300D388E0 /* MainRouter.swift in Sources */,
				006B16262396137100D388E0 /* MainViewController.swift in Sources */,
				00EFC3CB23955C8F000F39DE /* FavoritesViewController.swift in Sources */,
				0030EF7E238E44CD00224006 /* AppDelegate.swift in Sources */,
				00EFC3CD23955CA6000F39DE /* FavoritesInteractor.swift in Sources */,
				006B163C23962D7D00D388E0 /* SearchPresenter.swift in Sources */,
				00EFC3D123955CCF000F39DE /* FavoritesRouter.swift in Sources */,
				00ED1BBB2392741D00644E4D /* DetailsInteractor.swift in Sources */,
				00AAAF3323973B9500C05039 /* DataModel.swift in Sources */,
				0030EFAC238E4EF600224006 /* DetailsViewController.swift in Sources */,
				003262AA2398CE02003A953D /* MovieDataHolder.swift in Sources */,
				006E4197239B737F00D151DF /* MOMovieContent.swift in Sources */,
				0030EFAE238E500000224006 /* ListInteractor.swift in Sources */,
				006B16422396860F00D388E0 /* Interactor.swift in Sources */,
				006B16292396264700D388E0 /* TopRatedViewController.swift in Sources */,
				0030EFA4238E4C0900224006 /* SessionFactory.swift in Sources */,
				00ED1BBD2392759100644E4D /* DetailsPresenter.swift in Sources */,
			);
			runOnlyForDeploymentPostprocessing = 0;
		};
		0030EF8A238E44CE00224006 /* Sources */ = {
			isa = PBXSourcesBuildPhase;
			buildActionMask = 2147483647;
			files = (
				00EFC3C6239549CE000F39DE /* DetailsAssemblyTest.swift in Sources */,
				00EFC3C4239543C3000F39DE /* ListAssemblyTest.swift in Sources */,
				0030EFA8238E4E4E00224006 /* ListInteractorTests.swift in Sources */,
				00EFC3D423955F00000F39DE /* FavoritesAssemblyTest.swift in Sources */,
				00F7371C23913DFB00874356 /* PresenterSpy.swift in Sources */,
				0030EFB6238E5AB800224006 /* NetworkServiceStub.swift in Sources */,
				0030EFAA238E4E6700224006 /* APITests.swift in Sources */,
			);
			runOnlyForDeploymentPostprocessing = 0;
		};
/* End PBXSourcesBuildPhase section */

/* Begin PBXTargetDependency section */
		0030EF90238E44CE00224006 /* PBXTargetDependency */ = {
			isa = PBXTargetDependency;
			target = 0030EF79238E44CD00224006 /* DiplomMovieDB */;
			targetProxy = 0030EF8F238E44CE00224006 /* PBXContainerItemProxy */;
		};
/* End PBXTargetDependency section */

/* Begin XCBuildConfiguration section */
		0030EF95238E44CE00224006 /* Debug */ = {
			isa = XCBuildConfiguration;
			buildSettings = {
				ALWAYS_SEARCH_USER_PATHS = NO;
				CLANG_ANALYZER_NONNULL = YES;
				CLANG_ANALYZER_NUMBER_OBJECT_CONVERSION = YES_AGGRESSIVE;
				CLANG_CXX_LANGUAGE_STANDARD = "gnu++14";
				CLANG_CXX_LIBRARY = "libc++";
				CLANG_ENABLE_MODULES = YES;
				CLANG_ENABLE_OBJC_ARC = YES;
				CLANG_ENABLE_OBJC_WEAK = YES;
				CLANG_WARN_BLOCK_CAPTURE_AUTORELEASING = YES;
				CLANG_WARN_BOOL_CONVERSION = YES;
				CLANG_WARN_COMMA = YES;
				CLANG_WARN_CONSTANT_CONVERSION = YES;
				CLANG_WARN_DEPRECATED_OBJC_IMPLEMENTATIONS = YES;
				CLANG_WARN_DIRECT_OBJC_ISA_USAGE = YES_ERROR;
				CLANG_WARN_DOCUMENTATION_COMMENTS = YES;
				CLANG_WARN_EMPTY_BODY = YES;
				CLANG_WARN_ENUM_CONVERSION = YES;
				CLANG_WARN_INFINITE_RECURSION = YES;
				CLANG_WARN_INT_CONVERSION = YES;
				CLANG_WARN_NON_LITERAL_NULL_CONVERSION = YES;
				CLANG_WARN_OBJC_IMPLICIT_RETAIN_SELF = YES;
				CLANG_WARN_OBJC_LITERAL_CONVERSION = YES;
				CLANG_WARN_OBJC_ROOT_CLASS = YES_ERROR;
				CLANG_WARN_RANGE_LOOP_ANALYSIS = YES;
				CLANG_WARN_STRICT_PROTOTYPES = YES;
				CLANG_WARN_SUSPICIOUS_MOVE = YES;
				CLANG_WARN_UNGUARDED_AVAILABILITY = YES_AGGRESSIVE;
				CLANG_WARN_UNREACHABLE_CODE = YES;
				CLANG_WARN__DUPLICATE_METHOD_MATCH = YES;
				CODE_SIGN_IDENTITY = "iPhone Developer";
				COPY_PHASE_STRIP = NO;
				DEBUG_INFORMATION_FORMAT = dwarf;
				ENABLE_STRICT_OBJC_MSGSEND = YES;
				ENABLE_TESTABILITY = YES;
				GCC_C_LANGUAGE_STANDARD = gnu11;
				GCC_DYNAMIC_NO_PIC = NO;
				GCC_NO_COMMON_BLOCKS = YES;
				GCC_OPTIMIZATION_LEVEL = 0;
				GCC_PREPROCESSOR_DEFINITIONS = (
					"DEBUG=1",
					"$(inherited)",
				);
				GCC_WARN_64_TO_32_BIT_CONVERSION = YES;
				GCC_WARN_ABOUT_RETURN_TYPE = YES_ERROR;
				GCC_WARN_UNDECLARED_SELECTOR = YES;
				GCC_WARN_UNINITIALIZED_AUTOS = YES_AGGRESSIVE;
				GCC_WARN_UNUSED_FUNCTION = YES;
				GCC_WARN_UNUSED_VARIABLE = YES;
				IPHONEOS_DEPLOYMENT_TARGET = 12.4;
				MTL_ENABLE_DEBUG_INFO = INCLUDE_SOURCE;
				MTL_FAST_MATH = YES;
				ONLY_ACTIVE_ARCH = YES;
				SDKROOT = iphoneos;
				SWIFT_ACTIVE_COMPILATION_CONDITIONS = DEBUG;
				SWIFT_OPTIMIZATION_LEVEL = "-Onone";
			};
			name = Debug;
		};
		0030EF96238E44CE00224006 /* Release */ = {
			isa = XCBuildConfiguration;
			buildSettings = {
				ALWAYS_SEARCH_USER_PATHS = NO;
				CLANG_ANALYZER_NONNULL = YES;
				CLANG_ANALYZER_NUMBER_OBJECT_CONVERSION = YES_AGGRESSIVE;
				CLANG_CXX_LANGUAGE_STANDARD = "gnu++14";
				CLANG_CXX_LIBRARY = "libc++";
				CLANG_ENABLE_MODULES = YES;
				CLANG_ENABLE_OBJC_ARC = YES;
				CLANG_ENABLE_OBJC_WEAK = YES;
				CLANG_WARN_BLOCK_CAPTURE_AUTORELEASING = YES;
				CLANG_WARN_BOOL_CONVERSION = YES;
				CLANG_WARN_COMMA = YES;
				CLANG_WARN_CONSTANT_CONVERSION = YES;
				CLANG_WARN_DEPRECATED_OBJC_IMPLEMENTATIONS = YES;
				CLANG_WARN_DIRECT_OBJC_ISA_USAGE = YES_ERROR;
				CLANG_WARN_DOCUMENTATION_COMMENTS = YES;
				CLANG_WARN_EMPTY_BODY = YES;
				CLANG_WARN_ENUM_CONVERSION = YES;
				CLANG_WARN_INFINITE_RECURSION = YES;
				CLANG_WARN_INT_CONVERSION = YES;
				CLANG_WARN_NON_LITERAL_NULL_CONVERSION = YES;
				CLANG_WARN_OBJC_IMPLICIT_RETAIN_SELF = YES;
				CLANG_WARN_OBJC_LITERAL_CONVERSION = YES;
				CLANG_WARN_OBJC_ROOT_CLASS = YES_ERROR;
				CLANG_WARN_RANGE_LOOP_ANALYSIS = YES;
				CLANG_WARN_STRICT_PROTOTYPES = YES;
				CLANG_WARN_SUSPICIOUS_MOVE = YES;
				CLANG_WARN_UNGUARDED_AVAILABILITY = YES_AGGRESSIVE;
				CLANG_WARN_UNREACHABLE_CODE = YES;
				CLANG_WARN__DUPLICATE_METHOD_MATCH = YES;
				CODE_SIGN_IDENTITY = "iPhone Developer";
				COPY_PHASE_STRIP = NO;
				DEBUG_INFORMATION_FORMAT = "dwarf-with-dsym";
				ENABLE_NS_ASSERTIONS = NO;
				ENABLE_STRICT_OBJC_MSGSEND = YES;
				GCC_C_LANGUAGE_STANDARD = gnu11;
				GCC_NO_COMMON_BLOCKS = YES;
				GCC_WARN_64_TO_32_BIT_CONVERSION = YES;
				GCC_WARN_ABOUT_RETURN_TYPE = YES_ERROR;
				GCC_WARN_UNDECLARED_SELECTOR = YES;
				GCC_WARN_UNINITIALIZED_AUTOS = YES_AGGRESSIVE;
				GCC_WARN_UNUSED_FUNCTION = YES;
				GCC_WARN_UNUSED_VARIABLE = YES;
				IPHONEOS_DEPLOYMENT_TARGET = 12.4;
				MTL_ENABLE_DEBUG_INFO = NO;
				MTL_FAST_MATH = YES;
				SDKROOT = iphoneos;
				SWIFT_COMPILATION_MODE = wholemodule;
				SWIFT_OPTIMIZATION_LEVEL = "-O";
				VALIDATE_PRODUCT = YES;
			};
			name = Release;
		};
		0030EF98238E44CE00224006 /* Debug */ = {
			isa = XCBuildConfiguration;
			buildSettings = {
				ASSETCATALOG_COMPILER_APPICON_NAME = AppIcon;
				CODE_SIGN_STYLE = Automatic;
				DEVELOPMENT_TEAM = 26LWM2HSCG;
				INFOPLIST_FILE = DiplomMovieDB/Info.plist;
				LD_RUNPATH_SEARCH_PATHS = (
					"$(inherited)",
					"@executable_path/Frameworks",
				);
				PRODUCT_BUNDLE_IDENTIFIER = "Home-Office.DiplomMovieDB";
				PRODUCT_NAME = "$(TARGET_NAME)";
				SWIFT_VERSION = 5.0;
				TARGETED_DEVICE_FAMILY = "1,2";
			};
			name = Debug;
		};
		0030EF99238E44CE00224006 /* Release */ = {
			isa = XCBuildConfiguration;
			buildSettings = {
				ASSETCATALOG_COMPILER_APPICON_NAME = AppIcon;
				CODE_SIGN_STYLE = Automatic;
				DEVELOPMENT_TEAM = 26LWM2HSCG;
				INFOPLIST_FILE = DiplomMovieDB/Info.plist;
				LD_RUNPATH_SEARCH_PATHS = (
					"$(inherited)",
					"@executable_path/Frameworks",
				);
				PRODUCT_BUNDLE_IDENTIFIER = "Home-Office.DiplomMovieDB";
				PRODUCT_NAME = "$(TARGET_NAME)";
				SWIFT_VERSION = 5.0;
				TARGETED_DEVICE_FAMILY = "1,2";
			};
			name = Release;
		};
		0030EF9B238E44CE00224006 /* Debug */ = {
			isa = XCBuildConfiguration;
			buildSettings = {
				ALWAYS_EMBED_SWIFT_STANDARD_LIBRARIES = YES;
				BUNDLE_LOADER = "$(TEST_HOST)";
				CODE_SIGN_STYLE = Automatic;
				DEVELOPMENT_TEAM = 26LWM2HSCG;
				INFOPLIST_FILE = DiplomMovieDBTests/Info.plist;
				LD_RUNPATH_SEARCH_PATHS = (
					"$(inherited)",
					"@executable_path/Frameworks",
					"@loader_path/Frameworks",
				);
				PRODUCT_BUNDLE_IDENTIFIER = "Home-Office.DiplomMovieDBTests";
				PRODUCT_NAME = "$(TARGET_NAME)";
				SWIFT_VERSION = 5.0;
				TARGETED_DEVICE_FAMILY = "1,2";
				TEST_HOST = "$(BUILT_PRODUCTS_DIR)/DiplomMovieDB.app/DiplomMovieDB";
			};
			name = Debug;
		};
		0030EF9C238E44CE00224006 /* Release */ = {
			isa = XCBuildConfiguration;
			buildSettings = {
				ALWAYS_EMBED_SWIFT_STANDARD_LIBRARIES = YES;
				BUNDLE_LOADER = "$(TEST_HOST)";
				CODE_SIGN_STYLE = Automatic;
				DEVELOPMENT_TEAM = 26LWM2HSCG;
				INFOPLIST_FILE = DiplomMovieDBTests/Info.plist;
				LD_RUNPATH_SEARCH_PATHS = (
					"$(inherited)",
					"@executable_path/Frameworks",
					"@loader_path/Frameworks",
				);
				PRODUCT_BUNDLE_IDENTIFIER = "Home-Office.DiplomMovieDBTests";
				PRODUCT_NAME = "$(TARGET_NAME)";
				SWIFT_VERSION = 5.0;
				TARGETED_DEVICE_FAMILY = "1,2";
				TEST_HOST = "$(BUILT_PRODUCTS_DIR)/DiplomMovieDB.app/DiplomMovieDB";
			};
			name = Release;
		};
/* End XCBuildConfiguration section */

/* Begin XCConfigurationList section */
		0030EF75238E44CD00224006 /* Build configuration list for PBXProject "DiplomMovieDB" */ = {
			isa = XCConfigurationList;
			buildConfigurations = (
				0030EF95238E44CE00224006 /* Debug */,
				0030EF96238E44CE00224006 /* Release */,
			);
			defaultConfigurationIsVisible = 0;
			defaultConfigurationName = Release;
		};
		0030EF97238E44CE00224006 /* Build configuration list for PBXNativeTarget "DiplomMovieDB" */ = {
			isa = XCConfigurationList;
			buildConfigurations = (
				0030EF98238E44CE00224006 /* Debug */,
				0030EF99238E44CE00224006 /* Release */,
			);
			defaultConfigurationIsVisible = 0;
			defaultConfigurationName = Release;
		};
		0030EF9A238E44CE00224006 /* Build configuration list for PBXNativeTarget "DiplomMovieDBTests" */ = {
			isa = XCConfigurationList;
			buildConfigurations = (
				0030EF9B238E44CE00224006 /* Debug */,
				0030EF9C238E44CE00224006 /* Release */,
			);
			defaultConfigurationIsVisible = 0;
			defaultConfigurationName = Release;
		};
/* End XCConfigurationList section */

/* Begin XCVersionGroup section */
		006E4191239B713600D151DF /* MovieCoreData.xcdatamodeld */ = {
			isa = XCVersionGroup;
			children = (
				006E4192239B713600D151DF /* MovieCoreData.xcdatamodel */,
			);
			currentVersion = 006E4192239B713600D151DF /* MovieCoreData.xcdatamodel */;
			path = MovieCoreData.xcdatamodeld;
			sourceTree = "<group>";
			versionGroupType = wrapper.xcdatamodel;
		};
/* End XCVersionGroup section */
	};
	rootObject = 0030EF72238E44CD00224006 /* Project object */;
}
